
Microsoft Visual Studio Solution File, Format Version 12.00
# Visual Studio 15
VisualStudioVersion = 15.0.27703.2035
MinimumVisualStudioVersion = 10.0.40219.1
Project("{FAE04EC0-301F-11D3-BF4B-00C04F79EFBC}") = "stdlib", "StandardLibrary\stdlib.csproj", "{E4D60697-D635-4ADB-9382-B2CFC480B764}"
EndProject
Global
	GlobalSection(SolutionConfigurationPlatforms) = preSolution
		Debug|Any CPU = Debug|Any CPU
		Release|Any CPU = Release|Any CPU
	EndGlobalSection
	GlobalSection(ProjectConfigurationPlatforms) = postSolution
		{E4D60697-D635-4ADB-9382-B2CFC480B764}.Debug|Any CPU.ActiveCfg = Debug|Any CPU
		{E4D60697-D635-4ADB-9382-B2CFC480B764}.Debug|Any CPU.Build.0 = Debug|Any CPU
		{E4D60697-D635-4ADB-9382-B2CFC480B764}.Release|Any CPU.ActiveCfg = Release|Any CPU
		{E4D60697-D635-4ADB-9382-B2CFC480B764}.Release|Any CPU.Build.0 = Release|Any CPU
	EndGlobalSection
	GlobalSection(SolutionProperties) = preSolution
		HideSolutionNode = FALSE
	EndGlobalSection
	GlobalSection(ExtensibilityGlobals) = postSolution
		SolutionGuid = {8500EF19-4ED8-4AF0-A7BF-900CAE7ED44D}
	EndGlobalSection
EndGlobal
