
Microsoft Visual Studio Solution File, Format Version 12.00
# Visual Studio Version 16
VisualStudioVersion = 16.0.29326.143
MinimumVisualStudioVersion = 10.0.40219.1
Project("{FAE04EC0-301F-11D3-BF4B-00C04F79EFBC}") = "WinLib", "WinLib\WinLib.csproj", "{CCE82CA0-D0E7-47D2-A17F-3EDA5617225C}"
EndProject
Project("{9A19103F-16F7-4668-BE54-9A1E7A4F7556}") = "SharpSploit", "SharpSploit\SharpSploit\SharpSploit.csproj", "{CD080443-1B48-43C7-84C6-42984DD62882}"
EndProject
Project("{FAE04EC0-301F-11D3-BF4B-00C04F79EFBC}") = "WinLibTests", "WinLibTests\WinLibTests.csproj", "{5CCA3446-64F0-49EA-A0DC-871D781DDCA2}"
	ProjectSection(ProjectDependencies) = postProject
		{CD080443-1B48-43C7-84C6-42984DD62882} = {CD080443-1B48-43C7-84C6-42984DD62882}
		{CCE82CA0-D0E7-47D2-A17F-3EDA5617225C} = {CCE82CA0-D0E7-47D2-A17F-3EDA5617225C}
	EndProjectSection
EndProject
Global
	GlobalSection(SolutionConfigurationPlatforms) = preSolution
		Debug|Any CPU = Debug|Any CPU
		Debug|x64 = Debug|x64
		Release|Any CPU = Release|Any CPU
		Release|x64 = Release|x64
	EndGlobalSection
	GlobalSection(ProjectConfigurationPlatforms) = postSolution
		{CCE82CA0-D0E7-47D2-A17F-3EDA5617225C}.Debug|Any CPU.ActiveCfg = Debug|Any CPU
		{CCE82CA0-D0E7-47D2-A17F-3EDA5617225C}.Debug|Any CPU.Build.0 = Debug|Any CPU
		{CCE82CA0-D0E7-47D2-A17F-3EDA5617225C}.Debug|x64.ActiveCfg = Debug|x64
		{CCE82CA0-D0E7-47D2-A17F-3EDA5617225C}.Debug|x64.Build.0 = Debug|x64
		{CCE82CA0-D0E7-47D2-A17F-3EDA5617225C}.Release|Any CPU.ActiveCfg = Release|Any CPU
		{CCE82CA0-D0E7-47D2-A17F-3EDA5617225C}.Release|Any CPU.Build.0 = Release|Any CPU
		{CCE82CA0-D0E7-47D2-A17F-3EDA5617225C}.Release|x64.ActiveCfg = Release|x64
		{CCE82CA0-D0E7-47D2-A17F-3EDA5617225C}.Release|x64.Build.0 = Release|x64
		{CD080443-1B48-43C7-84C6-42984DD62882}.Debug|Any CPU.ActiveCfg = Debug|Any CPU
		{CD080443-1B48-43C7-84C6-42984DD62882}.Debug|Any CPU.Build.0 = Debug|Any CPU
		{CD080443-1B48-43C7-84C6-42984DD62882}.Debug|x64.ActiveCfg = Debug|Any CPU
		{CD080443-1B48-43C7-84C6-42984DD62882}.Debug|x64.Build.0 = Debug|Any CPU
		{CD080443-1B48-43C7-84C6-42984DD62882}.Release|Any CPU.ActiveCfg = Release|Any CPU
		{CD080443-1B48-43C7-84C6-42984DD62882}.Release|Any CPU.Build.0 = Release|Any CPU
		{CD080443-1B48-43C7-84C6-42984DD62882}.Release|x64.ActiveCfg = Release|Any CPU
		{CD080443-1B48-43C7-84C6-42984DD62882}.Release|x64.Build.0 = Release|Any CPU
		{5CCA3446-64F0-49EA-A0DC-871D781DDCA2}.Debug|Any CPU.ActiveCfg = Debug|Any CPU
		{5CCA3446-64F0-49EA-A0DC-871D781DDCA2}.Debug|Any CPU.Build.0 = Debug|Any CPU
		{5CCA3446-64F0-49EA-A0DC-871D781DDCA2}.Debug|x64.ActiveCfg = Debug|x64
		{5CCA3446-64F0-49EA-A0DC-871D781DDCA2}.Debug|x64.Build.0 = Debug|x64
		{5CCA3446-64F0-49EA-A0DC-871D781DDCA2}.Release|Any CPU.ActiveCfg = Release|Any CPU
		{5CCA3446-64F0-49EA-A0DC-871D781DDCA2}.Release|Any CPU.Build.0 = Release|Any CPU
		{5CCA3446-64F0-49EA-A0DC-871D781DDCA2}.Release|x64.ActiveCfg = Release|x64
		{5CCA3446-64F0-49EA-A0DC-871D781DDCA2}.Release|x64.Build.0 = Release|x64
	EndGlobalSection
	GlobalSection(SolutionProperties) = preSolution
		HideSolutionNode = FALSE
	EndGlobalSection
	GlobalSection(ExtensibilityGlobals) = postSolution
		SolutionGuid = {3E1114DF-1E5B-478F-90D8-40E04671D595}
	EndGlobalSection
EndGlobal
